
Microsoft Visual Studio Solution File, Format Version 12.00
# Visual Studio 15
VisualStudioVersion = 15.0.28010.2046
MinimumVisualStudioVersion = 10.0.40219.1
Project("{FAE04EC0-301F-11D3-BF4B-00C04F79EFBC}") = "labo", "labo\labo.csproj", "{1FB43E5E-2CE9-4175-BBB9-40D2668E613B}"
EndProject
Global
	GlobalSection(SolutionConfigurationPlatforms) = preSolution
		Debug|Any CPU = Debug|Any CPU
		Release|Any CPU = Release|Any CPU
	EndGlobalSection
	GlobalSection(ProjectConfigurationPlatforms) = postSolution
		{1FB43E5E-2CE9-4175-BBB9-40D2668E613B}.Debug|Any CPU.ActiveCfg = Debug|Any CPU
		{1FB43E5E-2CE9-4175-BBB9-40D2668E613B}.Debug|Any CPU.Build.0 = Debug|Any CPU
		{1FB43E5E-2CE9-4175-BBB9-40D2668E613B}.Release|Any CPU.ActiveCfg = Release|Any CPU
		{1FB43E5E-2CE9-4175-BBB9-40D2668E613B}.Release|Any CPU.Build.0 = Release|Any CPU
	EndGlobalSection
	GlobalSection(SolutionProperties) = preSolution
		HideSolutionNode = FALSE
	EndGlobalSection
	GlobalSection(ExtensibilityGlobals) = postSolution
		SolutionGuid = {4399CF63-F35A-4AAB-88A1-EC943AFC52D2}
	EndGlobalSection
EndGlobal
